# This file was autogenerated by Stack.
# You should not edit this file by hand.
# For more information, please see the documentation at:
#   https://docs.haskellstack.org/en/stable/lock_files

packages:
- completed:
    hackage: github-0.29@sha256:1a6f082a24df02e38a2de548ce72654537b3aee5383cb57dce5d3ef6386c6752,7939
    pantry-tree:
      sha256: 84286a49354095da536c1ab267f77976c1bc69c6e55f43070f4c588ea461fe86
      size: 10172
  original:
    hackage: github-0.29
snapshots:
- completed:
    sha256: 8b211c5a6aad3787e023dfddaf7de7868968e4f240ecedf14ad1c5b2199046ca
    size: 714097
    url: https://raw.githubusercontent.com/commercialhaskell/stackage-snapshots/master/lts/22/4.yaml
  original: lts-22.4
